
Microsoft Visual Studio Solution File, Format Version 12.00
# Visual Studio 15
VisualStudioVersion = 15.0.28307.1145
MinimumVisualStudioVersion = 10.0.40219.1
Project("{8BC9CEB8-8B4A-11D0-8D11-00A0C91BC942}") = "01-MyWindows", "01-MyWindows\01-MyWindows.vcxproj", "{9A032CF6-949C-4804-B6CF-0E7A12FCC41F}"
EndProject
Project("{8BC9CEB8-8B4A-11D0-8D11-00A0C91BC942}") = "02-MessageBox", "02-MessageBox\02-MessageBox.vcxproj", "{273C224F-BF22-4258-920A-94B5458C802F}"
EndProject
Project("{8BC9CEB8-8B4A-11D0-8D11-00A0C91BC942}") = "03-MessageBoxAsPrintf", "03-MessageBoxAsPrintf\03-MessageBoxAsPrintf.vcxproj", "{CC5EA859-78A7-4B73-B585-464A43B59BF8}"
EndProject
Project("{8BC9CEB8-8B4A-11D0-8D11-00A0C91BC942}") = "V1-SizeAndPosition", "V1-SizeAndPosition\V1-SizeAndPosition.vcxproj", "{B02FDCE2-A86C-4ED7-8728-2EE1424D849B}"
EndProject
Project("{8BC9CEB8-8B4A-11D0-8D11-00A0C91BC942}") = "04-ColoringAMessage", "04-ColoringAMessage\04-ColoringAMessage.vcxproj", "{75C20F33-B212-431D-B447-237CA995959F}"
EndProject
Project("{8BC9CEB8-8B4A-11D0-8D11-00A0C91BC942}") = "05-ColoringOnCharPress", "05-ColoringOnCharPress\05-ColoringOnCharPress.vcxproj", "{8494CF83-263D-43BE-9701-F2CC1C37B331}"
EndProject
Project("{911E67C6-3D85-4FCE-B560-20A9C3E3FF48}") = "06-ByCmd", "06-ByCmd\06-ByCmd.exe", "{DC44B684-7AC2-412D-95B2-535772FB4AD4}"
	ProjectSection(DebuggerProjectSystem) = preProject
		PortSupplier = 00000000-0000-0000-0000-000000000000
		Executable = E:\study\Classes\Windows development\assignments\WindowsDevelopmentPrograms\01-Win32\06-ByCmd\06-ByCmd.exe
		RemoteMachine = DESKTOP-4F6C8DP
		StartingDirectory = E:\study\Classes\Windows development\assignments\WindowsDevelopmentPrograms\01-Win32\06-ByCmd
		Environment = Default
		LaunchingEngine = 00000000-0000-0000-0000-000000000000
		UseLegacyDebugEngines = No
		LaunchSQLEngine = No
		AttachLaunchAction = No
	EndProjectSection
EndProject
Project("{8BC9CEB8-8B4A-11D0-8D11-00A0C91BC942}") = "07-icon", "07-icon\07-icon.vcxproj", "{C4FC0699-C07B-4DB0-8785-5CA6F1B82757}"
EndProject
Project("{8BC9CEB8-8B4A-11D0-8D11-00A0C91BC942}") = "08-Timer", "08-Timer\08-Timer.vcxproj", "{30F15BE9-1DD3-4F26-8D61-1209FF8B736B}"
EndProject
Project("{8BC9CEB8-8B4A-11D0-8D11-00A0C91BC942}") = "09-LoadingABitmap", "09-LoadingABitmap\09-LoadingABitmap.vcxproj", "{36C9C53C-F06F-4FFE-A2C3-B82134C468F0}"
EndProject
Project("{8BC9CEB8-8B4A-11D0-8D11-00A0C91BC942}") = "10-MenuDialogProgram", "10-MenuDialogProgram\10-MenuDialogProgram.vcxproj", "{AD0E8DA0-8601-4DAE-BB9C-BC2C6E2FCE09}"
EndProject
Project("{8BC9CEB8-8B4A-11D0-8D11-00A0C91BC942}") = "V2-Flag", "V2-Flag\V2-Flag.vcxproj", "{0220323E-6DAA-41D0-B684-9E09E737359E}"
EndProject
Global
	GlobalSection(SolutionConfigurationPlatforms) = preSolution
		Debug|x64 = Debug|x64
		Debug|x86 = Debug|x86
		Release|x64 = Release|x64
		Release|x86 = Release|x86
	EndGlobalSection
	GlobalSection(ProjectConfigurationPlatforms) = postSolution
		{9A032CF6-949C-4804-B6CF-0E7A12FCC41F}.Debug|x64.ActiveCfg = Debug|x64
		{9A032CF6-949C-4804-B6CF-0E7A12FCC41F}.Debug|x64.Build.0 = Debug|x64
		{9A032CF6-949C-4804-B6CF-0E7A12FCC41F}.Debug|x86.ActiveCfg = Debug|Win32
		{9A032CF6-949C-4804-B6CF-0E7A12FCC41F}.Debug|x86.Build.0 = Debug|Win32
		{9A032CF6-949C-4804-B6CF-0E7A12FCC41F}.Release|x64.ActiveCfg = Release|x64
		{9A032CF6-949C-4804-B6CF-0E7A12FCC41F}.Release|x64.Build.0 = Release|x64
		{9A032CF6-949C-4804-B6CF-0E7A12FCC41F}.Release|x86.ActiveCfg = Release|Win32
		{9A032CF6-949C-4804-B6CF-0E7A12FCC41F}.Release|x86.Build.0 = Release|Win32
		{273C224F-BF22-4258-920A-94B5458C802F}.Debug|x64.ActiveCfg = Debug|x64
		{273C224F-BF22-4258-920A-94B5458C802F}.Debug|x64.Build.0 = Debug|x64
		{273C224F-BF22-4258-920A-94B5458C802F}.Debug|x86.ActiveCfg = Debug|Win32
		{273C224F-BF22-4258-920A-94B5458C802F}.Debug|x86.Build.0 = Debug|Win32
		{273C224F-BF22-4258-920A-94B5458C802F}.Release|x64.ActiveCfg = Release|x64
		{273C224F-BF22-4258-920A-94B5458C802F}.Release|x64.Build.0 = Release|x64
		{273C224F-BF22-4258-920A-94B5458C802F}.Release|x86.ActiveCfg = Release|Win32
		{273C224F-BF22-4258-920A-94B5458C802F}.Release|x86.Build.0 = Release|Win32
		{CC5EA859-78A7-4B73-B585-464A43B59BF8}.Debug|x64.ActiveCfg = Debug|x64
		{CC5EA859-78A7-4B73-B585-464A43B59BF8}.Debug|x64.Build.0 = Debug|x64
		{CC5EA859-78A7-4B73-B585-464A43B59BF8}.Debug|x86.ActiveCfg = Debug|Win32
		{CC5EA859-78A7-4B73-B585-464A43B59BF8}.Debug|x86.Build.0 = Debug|Win32
		{CC5EA859-78A7-4B73-B585-464A43B59BF8}.Release|x64.ActiveCfg = Release|x64
		{CC5EA859-78A7-4B73-B585-464A43B59BF8}.Release|x64.Build.0 = Release|x64
		{CC5EA859-78A7-4B73-B585-464A43B59BF8}.Release|x86.ActiveCfg = Release|Win32
		{CC5EA859-78A7-4B73-B585-464A43B59BF8}.Release|x86.Build.0 = Release|Win32
		{B02FDCE2-A86C-4ED7-8728-2EE1424D849B}.Debug|x64.ActiveCfg = Debug|x64
		{B02FDCE2-A86C-4ED7-8728-2EE1424D849B}.Debug|x64.Build.0 = Debug|x64
		{B02FDCE2-A86C-4ED7-8728-2EE1424D849B}.Debug|x86.ActiveCfg = Debug|Win32
		{B02FDCE2-A86C-4ED7-8728-2EE1424D849B}.Debug|x86.Build.0 = Debug|Win32
		{B02FDCE2-A86C-4ED7-8728-2EE1424D849B}.Release|x64.ActiveCfg = Release|x64
		{B02FDCE2-A86C-4ED7-8728-2EE1424D849B}.Release|x64.Build.0 = Release|x64
		{B02FDCE2-A86C-4ED7-8728-2EE1424D849B}.Release|x86.ActiveCfg = Release|Win32
		{B02FDCE2-A86C-4ED7-8728-2EE1424D849B}.Release|x86.Build.0 = Release|Win32
		{75C20F33-B212-431D-B447-237CA995959F}.Debug|x64.ActiveCfg = Debug|x64
		{75C20F33-B212-431D-B447-237CA995959F}.Debug|x64.Build.0 = Debug|x64
		{75C20F33-B212-431D-B447-237CA995959F}.Debug|x86.ActiveCfg = Debug|Win32
		{75C20F33-B212-431D-B447-237CA995959F}.Debug|x86.Build.0 = Debug|Win32
		{75C20F33-B212-431D-B447-237CA995959F}.Release|x64.ActiveCfg = Release|x64
		{75C20F33-B212-431D-B447-237CA995959F}.Release|x64.Build.0 = Release|x64
		{75C20F33-B212-431D-B447-237CA995959F}.Release|x86.ActiveCfg = Release|Win32
		{75C20F33-B212-431D-B447-237CA995959F}.Release|x86.Build.0 = Release|Win32
		{8494CF83-263D-43BE-9701-F2CC1C37B331}.Debug|x64.ActiveCfg = Debug|x64
		{8494CF83-263D-43BE-9701-F2CC1C37B331}.Debug|x64.Build.0 = Debug|x64
		{8494CF83-263D-43BE-9701-F2CC1C37B331}.Debug|x86.ActiveCfg = Debug|Win32
		{8494CF83-263D-43BE-9701-F2CC1C37B331}.Debug|x86.Build.0 = Debug|Win32
		{8494CF83-263D-43BE-9701-F2CC1C37B331}.Release|x64.ActiveCfg = Release|x64
		{8494CF83-263D-43BE-9701-F2CC1C37B331}.Release|x64.Build.0 = Release|x64
		{8494CF83-263D-43BE-9701-F2CC1C37B331}.Release|x86.ActiveCfg = Release|Win32
		{8494CF83-263D-43BE-9701-F2CC1C37B331}.Release|x86.Build.0 = Release|Win32
		{DC44B684-7AC2-412D-95B2-535772FB4AD4}.Debug|x64.ActiveCfg = Release|x86
		{DC44B684-7AC2-412D-95B2-535772FB4AD4}.Debug|x86.ActiveCfg = Release|x86
		{DC44B684-7AC2-412D-95B2-535772FB4AD4}.Release|x64.ActiveCfg = Release|x86
		{DC44B684-7AC2-412D-95B2-535772FB4AD4}.Release|x86.ActiveCfg = Release|x86
		{C4FC0699-C07B-4DB0-8785-5CA6F1B82757}.Debug|x64.ActiveCfg = Debug|x64
		{C4FC0699-C07B-4DB0-8785-5CA6F1B82757}.Debug|x64.Build.0 = Debug|x64
		{C4FC0699-C07B-4DB0-8785-5CA6F1B82757}.Debug|x86.ActiveCfg = Debug|Win32
		{C4FC0699-C07B-4DB0-8785-5CA6F1B82757}.Debug|x86.Build.0 = Debug|Win32
		{C4FC0699-C07B-4DB0-8785-5CA6F1B82757}.Release|x64.ActiveCfg = Release|x64
		{C4FC0699-C07B-4DB0-8785-5CA6F1B82757}.Release|x64.Build.0 = Release|x64
		{C4FC0699-C07B-4DB0-8785-5CA6F1B82757}.Release|x86.ActiveCfg = Release|Win32
		{C4FC0699-C07B-4DB0-8785-5CA6F1B82757}.Release|x86.Build.0 = Release|Win32
		{30F15BE9-1DD3-4F26-8D61-1209FF8B736B}.Debug|x64.ActiveCfg = Debug|x64
		{30F15BE9-1DD3-4F26-8D61-1209FF8B736B}.Debug|x64.Build.0 = Debug|x64
		{30F15BE9-1DD3-4F26-8D61-1209FF8B736B}.Debug|x86.ActiveCfg = Debug|Win32
		{30F15BE9-1DD3-4F26-8D61-1209FF8B736B}.Debug|x86.Build.0 = Debug|Win32
		{30F15BE9-1DD3-4F26-8D61-1209FF8B736B}.Release|x64.ActiveCfg = Release|x64
		{30F15BE9-1DD3-4F26-8D61-1209FF8B736B}.Release|x64.Build.0 = Release|x64
		{30F15BE9-1DD3-4F26-8D61-1209FF8B736B}.Release|x86.ActiveCfg = Release|Win32
		{30F15BE9-1DD3-4F26-8D61-1209FF8B736B}.Release|x86.Build.0 = Release|Win32
		{36C9C53C-F06F-4FFE-A2C3-B82134C468F0}.Debug|x64.ActiveCfg = Debug|x64
		{36C9C53C-F06F-4FFE-A2C3-B82134C468F0}.Debug|x64.Build.0 = Debug|x64
		{36C9C53C-F06F-4FFE-A2C3-B82134C468F0}.Debug|x86.ActiveCfg = Debug|Win32
		{36C9C53C-F06F-4FFE-A2C3-B82134C468F0}.Debug|x86.Build.0 = Debug|Win32
		{36C9C53C-F06F-4FFE-A2C3-B82134C468F0}.Release|x64.ActiveCfg = Release|x64
		{36C9C53C-F06F-4FFE-A2C3-B82134C468F0}.Release|x64.Build.0 = Release|x64
		{36C9C53C-F06F-4FFE-A2C3-B82134C468F0}.Release|x86.ActiveCfg = Release|Win32
		{36C9C53C-F06F-4FFE-A2C3-B82134C468F0}.Release|x86.Build.0 = Release|Win32
		{AD0E8DA0-8601-4DAE-BB9C-BC2C6E2FCE09}.Debug|x64.ActiveCfg = Debug|x64
		{AD0E8DA0-8601-4DAE-BB9C-BC2C6E2FCE09}.Debug|x64.Build.0 = Debug|x64
		{AD0E8DA0-8601-4DAE-BB9C-BC2C6E2FCE09}.Debug|x86.ActiveCfg = Debug|Win32
		{AD0E8DA0-8601-4DAE-BB9C-BC2C6E2FCE09}.Debug|x86.Build.0 = Debug|Win32
		{AD0E8DA0-8601-4DAE-BB9C-BC2C6E2FCE09}.Release|x64.ActiveCfg = Release|x64
		{AD0E8DA0-8601-4DAE-BB9C-BC2C6E2FCE09}.Release|x64.Build.0 = Release|x64
		{AD0E8DA0-8601-4DAE-BB9C-BC2C6E2FCE09}.Release|x86.ActiveCfg = Release|Win32
		{AD0E8DA0-8601-4DAE-BB9C-BC2C6E2FCE09}.Release|x86.Build.0 = Release|Win32
		{0220323E-6DAA-41D0-B684-9E09E737359E}.Debug|x64.ActiveCfg = Debug|x64
		{0220323E-6DAA-41D0-B684-9E09E737359E}.Debug|x64.Build.0 = Debug|x64
		{0220323E-6DAA-41D0-B684-9E09E737359E}.Debug|x86.ActiveCfg = Debug|Win32
		{0220323E-6DAA-41D0-B684-9E09E737359E}.Debug|x86.Build.0 = Debug|Win32
		{0220323E-6DAA-41D0-B684-9E09E737359E}.Release|x64.ActiveCfg = Release|x64
		{0220323E-6DAA-41D0-B684-9E09E737359E}.Release|x64.Build.0 = Release|x64
		{0220323E-6DAA-41D0-B684-9E09E737359E}.Release|x86.ActiveCfg = Release|Win32
		{0220323E-6DAA-41D0-B684-9E09E737359E}.Release|x86.Build.0 = Release|Win32
	EndGlobalSection
	GlobalSection(SolutionProperties) = preSolution
		HideSolutionNode = FALSE
	EndGlobalSection
	GlobalSection(ExtensibilityGlobals) = postSolution
		SolutionGuid = {DF02BB0D-8A1A-4D5B-8645-13AACA64CF38}
	EndGlobalSection
EndGlobal
